{
  "version": 4,
  "terraform_version": "1.9.6",
  "serial": 81,
  "lineage": "7d9cc54f-aab1-d8a5-acae-204f37ce47c0",
  "outputs": {
    "configuration": {
      "value": {
        "advanced": {
          "custom_settings_by_resource_type": {
            "azurerm_resource_group": {
              "connectivity": {
                "northeurope": {
                  "name": "telia-rg-northeurope"
                },
                "westeurope": {
                  "name": "telia-rg-westeurope"
                }
              }
            }
          }
        },
        "location": "westeurope",
        "settings": {
          "ddos_protection_plan": {
            "enabled": false
          },
          "dns": {
            "enabled": false
          },
          "hub_networks": [
            {
              "config": {
                "address_space": [
                  "10.100.0.0/22"
                ],
                "enable_hub_network_mesh_peering": true,
                "link_to_ddos_protection_plan": false,
                "location": "westeurope"
              },
              "enabled": true
            },
            {
              "config": {
                "address_space": [
                  "10.101.0.0/22"
                ],
                "enable_hub_network_mesh_peering": true,
                "link_to_ddos_protection_plan": false,
                "location": "northeurope"
              }
            }
          ],
          "vwan_hub_networks": []
        }
      },
      "type": [
        "object",
        {
          "advanced": [
            "object",
            {
              "custom_settings_by_resource_type": [
                "object",
                {
                  "azurerm_resource_group": [
                    "object",
                    {
                      "connectivity": [
                        "object",
                        {
                          "northeurope": [
                            "object",
                            {
                              "name": "string"
                            }
                          ],
                          "westeurope": [
                            "object",
                            {
                              "name": "string"
                            }
                          ]
                        }
                      ]
                    }
                  ]
                }
              ]
            }
          ],
          "location": "string",
          "settings": [
            "object",
            {
              "ddos_protection_plan": [
                "object",
                {
                  "enabled": "bool"
                }
              ],
              "dns": [
                "object",
                {
                  "enabled": "bool"
                }
              ],
              "hub_networks": [
                "tuple",
                [
                  [
                    "object",
                    {
                      "config": [
                        "object",
                        {
                          "address_space": [
                            "tuple",
                            [
                              "string"
                            ]
                          ],
                          "enable_hub_network_mesh_peering": "bool",
                          "link_to_ddos_protection_plan": "bool",
                          "location": "string"
                        }
                      ],
                      "enabled": "bool"
                    }
                  ],
                  [
                    "object",
                    {
                      "config": [
                        "object",
                        {
                          "address_space": [
                            "tuple",
                            [
                              "string"
                            ]
                          ],
                          "enable_hub_network_mesh_peering": "bool",
                          "link_to_ddos_protection_plan": "bool",
                          "location": "string"
                        }
                      ]
                    }
                  ]
                ]
              ],
              "vwan_hub_networks": [
                "tuple",
                []
              ]
            }
          ]
        }
      ]
    },
    "subscription_id": {
      "value": "4b366cd2-b9cc-46ef-8ec5-ede445683eec",
      "type": "string"
    }
  },
  "resources": [
    {
      "mode": "data",
      "type": "azurerm_client_config",
      "name": "current",
      "provider": "provider[\"registry.terraform.io/hashicorp/azurerm\"]",
      "instances": [
        {
          "schema_version": 0,
          "attributes": {
            "client_id": "04b07795-8ddb-461a-bbee-02f9e1bf7b46",
            "id": "Y2xpZW50Q29uZmlncy9jbGllbnRJZD0wNGIwNzc5NS04ZGRiLTQ2MWEtYmJlZS0wMmY5ZTFiZjdiNDY7b2JqZWN0SWQ9YzViNmMzOGMtYTE5OC00NjBmLWI3M2YtMGNkMzUxZDVmYzdkO3N1YnNjcmlwdGlvbklkPTRiMzY2Y2QyLWI5Y2MtNDZlZi04ZWM1LWVkZTQ0NTY4M2VlYzt0ZW5hbnRJZD04ODk2ODMzNS1iYWQxLTQwYjAtODBhOC1hZTk1NGNhNTBhZGQ=",
            "object_id": "c5b6c38c-a198-460f-b73f-0cd351d5fc7d",
            "subscription_id": "4b366cd2-b9cc-46ef-8ec5-ede445683eec",
            "tenant_id": "88968335-bad1-40b0-80a8-ae954ca50add",
            "timeouts": null
          },
          "sensitive_attributes": []
        }
      ]
    },
    {
      "module": "module.enterprise_scale",
      "mode": "managed",
      "type": "azurerm_resource_group",
      "name": "connectivity",
      "provider": "provider[\"registry.terraform.io/hashicorp/azurerm\"]",
      "instances": [
        {
          "index_key": "/subscriptions/4b366cd2-b9cc-46ef-8ec5-ede445683eec/resourceGroups/telia-rg-northeurope",
          "schema_version": 0,
          "attributes": {
            "id": "/subscriptions/4b366cd2-b9cc-46ef-8ec5-ede445683eec/resourceGroups/telia-rg-northeurope",
            "location": "northeurope",
            "managed_by": "",
            "name": "telia-rg-northeurope",
            "tags": {
              "deployedBy": "terraform/azure/caf-enterprise-scale"
            },
            "timeouts": null
          },
          "sensitive_attributes": [],
          "private": "eyJlMmJmYjczMC1lY2FhLTExZTYtOGY4OC0zNDM2M2JjN2M0YzAiOnsiY3JlYXRlIjo1NDAwMDAwMDAwMDAwLCJkZWxldGUiOjU0MDAwMDAwMDAwMDAsInJlYWQiOjMwMDAwMDAwMDAwMCwidXBkYXRlIjo1NDAwMDAwMDAwMDAwfX0="
        },
        {
          "index_key": "/subscriptions/4b366cd2-b9cc-46ef-8ec5-ede445683eec/resourceGroups/telia-rg-westeurope",
          "schema_version": 0,
          "attributes": {
            "id": "/subscriptions/4b366cd2-b9cc-46ef-8ec5-ede445683eec/resourceGroups/telia-rg-westeurope",
            "location": "westeurope",
            "managed_by": "",
            "name": "telia-rg-westeurope",
            "tags": {
              "deployedBy": "terraform/azure/caf-enterprise-scale"
            },
            "timeouts": null
          },
          "sensitive_attributes": [],
          "private": "eyJlMmJmYjczMC1lY2FhLTExZTYtOGY4OC0zNDM2M2JjN2M0YzAiOnsiY3JlYXRlIjo1NDAwMDAwMDAwMDAwLCJkZWxldGUiOjU0MDAwMDAwMDAwMDAsInJlYWQiOjMwMDAwMDAwMDAwMCwidXBkYXRlIjo1NDAwMDAwMDAwMDAwfX0="
        }
      ]
    },
    {
      "module": "module.enterprise_scale",
      "mode": "managed",
      "type": "azurerm_subscription_template_deployment",
      "name": "telemetry_connectivity",
      "provider": "provider[\"registry.terraform.io/hashicorp/azurerm\"]",
      "instances": [
        {
          "index_key": 0,
          "schema_version": 0,
          "attributes": {
            "debug_level": "",
            "id": "/subscriptions/4b366cd2-b9cc-46ef-8ec5-ede445683eec/providers/Microsoft.Resources/deployments/pid-97603aac-98f8-4a55-92fc-4c78378c9ba5_v6.0.0_0001_79075b18",
            "location": "westeurope",
            "name": "pid-97603aac-98f8-4a55-92fc-4c78378c9ba5_v6.0.0_0001_79075b18",
            "output_content": "{\"telemetry\":{\"type\":\"String\",\"value\":\"For more information, see https://aka.ms/alz/tf/telemetry\"}}",
            "parameters_content": "{}",
            "tags": null,
            "template_content": "{\"$schema\":\"https://schema.management.azure.com/schemas/2018-05-01/subscriptionDeploymentTemplate.json#\",\"contentVersion\":\"1.0.0.0\",\"outputs\":{\"telemetry\":{\"type\":\"String\",\"value\":\"For more information, see https://aka.ms/alz/tf/telemetry\"}},\"parameters\":{},\"resources\":[],\"variables\":{}}",
            "template_spec_version_id": "",
            "timeouts": null
          },
          "sensitive_attributes": [],
          "private": "eyJlMmJmYjczMC1lY2FhLTExZTYtOGY4OC0zNDM2M2JjN2M0YzAiOnsiY3JlYXRlIjoxMDgwMDAwMDAwMDAwMCwiZGVsZXRlIjoxMDgwMDAwMDAwMDAwMCwicmVhZCI6MzAwMDAwMDAwMDAwLCJ1cGRhdGUiOjEwODAwMDAwMDAwMDAwfX0=",
          "dependencies": [
            "data.azurerm_client_config.current",
            "module.enterprise_scale.random_id.telem"
          ]
        }
      ]
    },
    {
      "module": "module.enterprise_scale",
      "mode": "managed",
      "type": "azurerm_subscription_template_deployment",
      "name": "telemetry_core",
      "provider": "provider[\"registry.terraform.io/hashicorp/azurerm\"]",
      "instances": [
        {
          "index_key": 0,
          "schema_version": 0,
          "attributes": {
            "debug_level": "",
            "id": "/subscriptions/4b366cd2-b9cc-46ef-8ec5-ede445683eec/providers/Microsoft.Resources/deployments/pid-36dcde81-8c33-4da0-8dc3-265381502ccb_v6.0.0_0000_79075b18",
            "location": "westeurope",
            "name": "pid-36dcde81-8c33-4da0-8dc3-265381502ccb_v6.0.0_0000_79075b18",
            "output_content": "{\"telemetry\":{\"type\":\"String\",\"value\":\"For more information, see https://aka.ms/alz/tf/telemetry\"}}",
            "parameters_content": "{}",
            "tags": null,
            "template_content": "{\"$schema\":\"https://schema.management.azure.com/schemas/2018-05-01/subscriptionDeploymentTemplate.json#\",\"contentVersion\":\"1.0.0.0\",\"outputs\":{\"telemetry\":{\"type\":\"String\",\"value\":\"For more information, see https://aka.ms/alz/tf/telemetry\"}},\"parameters\":{},\"resources\":[],\"variables\":{}}",
            "template_spec_version_id": "",
            "timeouts": null
          },
          "sensitive_attributes": [],
          "private": "eyJlMmJmYjczMC1lY2FhLTExZTYtOGY4OC0zNDM2M2JjN2M0YzAiOnsiY3JlYXRlIjoxMDgwMDAwMDAwMDAwMCwiZGVsZXRlIjoxMDgwMDAwMDAwMDAwMCwicmVhZCI6MzAwMDAwMDAwMDAwLCJ1cGRhdGUiOjEwODAwMDAwMDAwMDAwfX0=",
          "dependencies": [
            "module.enterprise_scale.random_id.telem"
          ]
        }
      ]
    },
    {
      "module": "module.enterprise_scale",
      "mode": "managed",
      "type": "azurerm_virtual_network",
      "name": "connectivity",
      "provider": "provider[\"registry.terraform.io/hashicorp/azurerm\"]",
      "instances": [
        {
          "index_key": "/subscriptions/4b366cd2-b9cc-46ef-8ec5-ede445683eec/resourceGroups/telia-rg-northeurope/providers/Microsoft.Network/virtualNetworks/teliacompany-hub-northeurope",
          "schema_version": 0,
          "attributes": {
            "address_space": [
              "10.101.0.0/22"
            ],
            "bgp_community": "",
            "ddos_protection_plan": [],
            "dns_servers": [],
            "edge_zone": "",
            "encryption": [],
            "flow_timeout_in_minutes": 0,
            "guid": "e3d270a7-6381-4c39-9730-8fbae5e59bdb",
            "id": "/subscriptions/4b366cd2-b9cc-46ef-8ec5-ede445683eec/resourceGroups/telia-rg-northeurope/providers/Microsoft.Network/virtualNetworks/teliacompany-hub-northeurope",
            "location": "northeurope",
            "name": "teliacompany-hub-northeurope",
            "resource_group_name": "telia-rg-northeurope",
            "subnet": [],
            "tags": {
              "deployedBy": "terraform/azure/caf-enterprise-scale"
            },
            "timeouts": null
          },
          "sensitive_attributes": [],
          "private": "eyJlMmJmYjczMC1lY2FhLTExZTYtOGY4OC0zNDM2M2JjN2M0YzAiOnsiY3JlYXRlIjoxODAwMDAwMDAwMDAwLCJkZWxldGUiOjE4MDAwMDAwMDAwMDAsInJlYWQiOjMwMDAwMDAwMDAwMCwidXBkYXRlIjoxODAwMDAwMDAwMDAwfX0=",
          "dependencies": [
            "module.enterprise_scale.azurerm_network_ddos_protection_plan.connectivity",
            "module.enterprise_scale.azurerm_resource_group.connectivity"
          ]
        },
        {
          "index_key": "/subscriptions/4b366cd2-b9cc-46ef-8ec5-ede445683eec/resourceGroups/telia-rg-westeurope/providers/Microsoft.Network/virtualNetworks/teliacompany-hub-westeurope",
          "schema_version": 0,
          "attributes": {
            "address_space": [
              "10.100.0.0/22"
            ],
            "bgp_community": "",
            "ddos_protection_plan": [],
            "dns_servers": [],
            "edge_zone": "",
            "encryption": [],
            "flow_timeout_in_minutes": 0,
            "guid": "1b55a339-1787-4c84-9328-efbc4d923e03",
            "id": "/subscriptions/4b366cd2-b9cc-46ef-8ec5-ede445683eec/resourceGroups/telia-rg-westeurope/providers/Microsoft.Network/virtualNetworks/teliacompany-hub-westeurope",
            "location": "westeurope",
            "name": "teliacompany-hub-westeurope",
            "resource_group_name": "telia-rg-westeurope",
            "subnet": [],
            "tags": {
              "deployedBy": "terraform/azure/caf-enterprise-scale"
            },
            "timeouts": null
          },
          "sensitive_attributes": [],
          "private": "eyJlMmJmYjczMC1lY2FhLTExZTYtOGY4OC0zNDM2M2JjN2M0YzAiOnsiY3JlYXRlIjoxODAwMDAwMDAwMDAwLCJkZWxldGUiOjE4MDAwMDAwMDAwMDAsInJlYWQiOjMwMDAwMDAwMDAwMCwidXBkYXRlIjoxODAwMDAwMDAwMDAwfX0=",
          "dependencies": [
            "module.enterprise_scale.azurerm_network_ddos_protection_plan.connectivity",
            "module.enterprise_scale.azurerm_resource_group.connectivity"
          ]
        }
      ]
    },
    {
      "module": "module.enterprise_scale",
      "mode": "managed",
      "type": "azurerm_virtual_network_peering",
      "name": "connectivity",
      "provider": "provider[\"registry.terraform.io/hashicorp/azurerm\"]",
      "instances": [
        {
          "index_key": "/subscriptions/4b366cd2-b9cc-46ef-8ec5-ede445683eec/resourceGroups/telia-rg-northeurope/providers/Microsoft.Network/virtualNetworks/teliacompany-hub-northeurope/virtualNetworkPeerings/peering-d6835c16-62c4-58ed-b28e-e0aa71fe9036",
          "schema_version": 0,
          "attributes": {
            "allow_forwarded_traffic": true,
            "allow_gateway_transit": true,
            "allow_virtual_network_access": true,
            "id": "/subscriptions/4b366cd2-b9cc-46ef-8ec5-ede445683eec/resourceGroups/telia-rg-northeurope/providers/Microsoft.Network/virtualNetworks/teliacompany-hub-northeurope/virtualNetworkPeerings/peering-d6835c16-62c4-58ed-b28e-e0aa71fe9036",
            "local_subnet_names": null,
            "name": "peering-d6835c16-62c4-58ed-b28e-e0aa71fe9036",
            "only_ipv6_peering_enabled": false,
            "peer_complete_virtual_networks_enabled": true,
            "remote_subnet_names": null,
            "remote_virtual_network_id": "/subscriptions/4b366cd2-b9cc-46ef-8ec5-ede445683eec/resourceGroups/telia-rg-westeurope/providers/Microsoft.Network/virtualNetworks/teliacompany-hub-westeurope",
            "resource_group_name": "telia-rg-northeurope",
            "timeouts": null,
            "triggers": null,
            "use_remote_gateways": false,
            "virtual_network_name": "teliacompany-hub-northeurope"
          },
          "sensitive_attributes": [],
          "private": "eyJlMmJmYjczMC1lY2FhLTExZTYtOGY4OC0zNDM2M2JjN2M0YzAiOnsiY3JlYXRlIjoxODAwMDAwMDAwMDAwLCJkZWxldGUiOjE4MDAwMDAwMDAwMDAsInJlYWQiOjMwMDAwMDAwMDAwMCwidXBkYXRlIjoxODAwMDAwMDAwMDAwfX0=",
          "dependencies": [
            "module.enterprise_scale.azurerm_network_ddos_protection_plan.connectivity",
            "module.enterprise_scale.azurerm_resource_group.connectivity",
            "module.enterprise_scale.azurerm_virtual_network.connectivity"
          ]
        },
        {
          "index_key": "/subscriptions/4b366cd2-b9cc-46ef-8ec5-ede445683eec/resourceGroups/telia-rg-westeurope/providers/Microsoft.Network/virtualNetworks/teliacompany-hub-westeurope/virtualNetworkPeerings/peering-e8c5e843-704c-5fb1-b4ac-7449dc304949",
          "schema_version": 0,
          "attributes": {
            "allow_forwarded_traffic": true,
            "allow_gateway_transit": true,
            "allow_virtual_network_access": true,
            "id": "/subscriptions/4b366cd2-b9cc-46ef-8ec5-ede445683eec/resourceGroups/telia-rg-westeurope/providers/Microsoft.Network/virtualNetworks/teliacompany-hub-westeurope/virtualNetworkPeerings/peering-e8c5e843-704c-5fb1-b4ac-7449dc304949",
            "local_subnet_names": null,
            "name": "peering-e8c5e843-704c-5fb1-b4ac-7449dc304949",
            "only_ipv6_peering_enabled": false,
            "peer_complete_virtual_networks_enabled": true,
            "remote_subnet_names": null,
            "remote_virtual_network_id": "/subscriptions/4b366cd2-b9cc-46ef-8ec5-ede445683eec/resourceGroups/telia-rg-northeurope/providers/Microsoft.Network/virtualNetworks/teliacompany-hub-northeurope",
            "resource_group_name": "telia-rg-westeurope",
            "timeouts": null,
            "triggers": null,
            "use_remote_gateways": false,
            "virtual_network_name": "teliacompany-hub-westeurope"
          },
          "sensitive_attributes": [],
          "private": "eyJlMmJmYjczMC1lY2FhLTExZTYtOGY4OC0zNDM2M2JjN2M0YzAiOnsiY3JlYXRlIjoxODAwMDAwMDAwMDAwLCJkZWxldGUiOjE4MDAwMDAwMDAwMDAsInJlYWQiOjMwMDAwMDAwMDAwMCwidXBkYXRlIjoxODAwMDAwMDAwMDAwfX0=",
          "dependencies": [
            "module.enterprise_scale.azurerm_network_ddos_protection_plan.connectivity",
            "module.enterprise_scale.azurerm_resource_group.connectivity",
            "module.enterprise_scale.azurerm_virtual_network.connectivity"
          ]
        }
      ]
    },
    {
      "module": "module.enterprise_scale",
      "mode": "managed",
      "type": "random_id",
      "name": "telem",
      "provider": "provider[\"registry.terraform.io/hashicorp/random\"]",
      "instances": [
        {
          "index_key": 0,
          "schema_version": 0,
          "attributes": {
            "b64_std": "eQdbGA==",
            "b64_url": "eQdbGA",
            "byte_length": 4,
            "dec": "2030525208",
            "hex": "79075b18",
            "id": "eQdbGA",
            "keepers": null,
            "prefix": null
          },
          "sensitive_attributes": []
        }
      ]
    },
    {
      "module": "module.enterprise_scale",
      "mode": "managed",
      "type": "time_sleep",
      "name": "after_azurerm_management_group",
      "provider": "provider[\"registry.terraform.io/hashicorp/time\"]",
      "instances": [
        {
          "schema_version": 0,
          "attributes": {
            "create_duration": "30s",
            "destroy_duration": "0s",
            "id": "2024-10-25T08:31:28Z",
            "triggers": {
              "azurerm_management_group_level_1": "[]",
              "azurerm_management_group_level_2": "[]",
              "azurerm_management_group_level_3": "[]",
              "azurerm_management_group_level_4": "[]",
              "azurerm_management_group_level_5": "[]",
              "azurerm_management_group_level_6": "[]"
            }
          },
          "sensitive_attributes": [],
          "dependencies": [
            "data.azurerm_client_config.current",
            "module.enterprise_scale.azurerm_management_group.level_1",
            "module.enterprise_scale.azurerm_management_group.level_2",
            "module.enterprise_scale.azurerm_management_group.level_3",
            "module.enterprise_scale.azurerm_management_group.level_4",
            "module.enterprise_scale.azurerm_management_group.level_5",
            "module.enterprise_scale.azurerm_management_group.level_6"
          ]
        }
      ]
    },
    {
      "module": "module.enterprise_scale",
      "mode": "managed",
      "type": "time_sleep",
      "name": "after_azurerm_policy_assignment",
      "provider": "provider[\"registry.terraform.io/hashicorp/time\"]",
      "instances": [
        {
          "schema_version": 0,
          "attributes": {
            "create_duration": "30s",
            "destroy_duration": "0s",
            "id": "2024-10-25T08:32:59Z",
            "triggers": {
              "azurerm_management_group_policy_assignment_enterprise_scale": "[]"
            }
          },
          "sensitive_attributes": [],
          "dependencies": [
            "data.azurerm_client_config.current",
            "module.enterprise_scale.azurerm_management_group.level_1",
            "module.enterprise_scale.azurerm_management_group.level_2",
            "module.enterprise_scale.azurerm_management_group.level_3",
            "module.enterprise_scale.azurerm_management_group.level_4",
            "module.enterprise_scale.azurerm_management_group.level_5",
            "module.enterprise_scale.azurerm_management_group.level_6",
            "module.enterprise_scale.azurerm_management_group_policy_assignment.enterprise_scale",
            "module.enterprise_scale.azurerm_policy_definition.enterprise_scale",
            "module.enterprise_scale.azurerm_policy_set_definition.enterprise_scale",
            "module.enterprise_scale.azurerm_resource_group.management",
            "module.enterprise_scale.azurerm_user_assigned_identity.management",
            "module.enterprise_scale.data.azurerm_policy_definition.external_lookup",
            "module.enterprise_scale.data.azurerm_policy_set_definition.external_lookup",
            "module.enterprise_scale.time_sleep.after_azurerm_management_group",
            "module.enterprise_scale.time_sleep.after_azurerm_policy_definition",
            "module.enterprise_scale.time_sleep.after_azurerm_policy_set_definition"
          ]
        }
      ]
    },
    {
      "module": "module.enterprise_scale",
      "mode": "managed",
      "type": "time_sleep",
      "name": "after_azurerm_policy_definition",
      "provider": "provider[\"registry.terraform.io/hashicorp/time\"]",
      "instances": [
        {
          "schema_version": 0,
          "attributes": {
            "create_duration": "30s",
            "destroy_duration": "0s",
            "id": "2024-10-25T08:31:58Z",
            "triggers": {
              "azurerm_policy_definition_enterprise_scale": "[]"
            }
          },
          "sensitive_attributes": [],
          "dependencies": [
            "data.azurerm_client_config.current",
            "module.enterprise_scale.azurerm_management_group.level_1",
            "module.enterprise_scale.azurerm_management_group.level_2",
            "module.enterprise_scale.azurerm_management_group.level_3",
            "module.enterprise_scale.azurerm_management_group.level_4",
            "module.enterprise_scale.azurerm_management_group.level_5",
            "module.enterprise_scale.azurerm_management_group.level_6",
            "module.enterprise_scale.azurerm_policy_definition.enterprise_scale",
            "module.enterprise_scale.time_sleep.after_azurerm_management_group"
          ]
        }
      ]
    },
    {
      "module": "module.enterprise_scale",
      "mode": "managed",
      "type": "time_sleep",
      "name": "after_azurerm_policy_set_definition",
      "provider": "provider[\"registry.terraform.io/hashicorp/time\"]",
      "instances": [
        {
          "schema_version": 0,
          "attributes": {
            "create_duration": "30s",
            "destroy_duration": "0s",
            "id": "2024-10-25T08:32:29Z",
            "triggers": {
              "azurerm_policy_set_definition_enterprise_scale": "[]"
            }
          },
          "sensitive_attributes": [],
          "dependencies": [
            "data.azurerm_client_config.current",
            "module.enterprise_scale.azurerm_management_group.level_1",
            "module.enterprise_scale.azurerm_management_group.level_2",
            "module.enterprise_scale.azurerm_management_group.level_3",
            "module.enterprise_scale.azurerm_management_group.level_4",
            "module.enterprise_scale.azurerm_management_group.level_5",
            "module.enterprise_scale.azurerm_management_group.level_6",
            "module.enterprise_scale.azurerm_policy_definition.enterprise_scale",
            "module.enterprise_scale.azurerm_policy_set_definition.enterprise_scale",
            "module.enterprise_scale.time_sleep.after_azurerm_management_group",
            "module.enterprise_scale.time_sleep.after_azurerm_policy_definition"
          ]
        }
      ]
    },
    {
      "module": "module.enterprise_scale",
      "mode": "managed",
      "type": "time_sleep",
      "name": "after_azurerm_role_assignment",
      "provider": "provider[\"registry.terraform.io/hashicorp/time\"]",
      "instances": [
        {
          "schema_version": 0,
          "attributes": {
            "create_duration": "0s",
            "destroy_duration": "0s",
            "id": "2024-10-25T08:32:59Z",
            "triggers": {
              "azurerm_role_assignment_enterprise_scale": "[]",
              "module_role_assignments_for_policy": "[]"
            }
          },
          "sensitive_attributes": [],
          "dependencies": [
            "data.azurerm_client_config.current",
            "module.enterprise_scale.azurerm_management_group.level_1",
            "module.enterprise_scale.azurerm_management_group.level_2",
            "module.enterprise_scale.azurerm_management_group.level_3",
            "module.enterprise_scale.azurerm_management_group.level_4",
            "module.enterprise_scale.azurerm_management_group.level_5",
            "module.enterprise_scale.azurerm_management_group.level_6",
            "module.enterprise_scale.azurerm_management_group_policy_assignment.enterprise_scale",
            "module.enterprise_scale.azurerm_policy_definition.enterprise_scale",
            "module.enterprise_scale.azurerm_policy_set_definition.enterprise_scale",
            "module.enterprise_scale.azurerm_resource_group.management",
            "module.enterprise_scale.azurerm_role_assignment.enterprise_scale",
            "module.enterprise_scale.azurerm_role_assignment.policy_assignment",
            "module.enterprise_scale.azurerm_role_definition.enterprise_scale",
            "module.enterprise_scale.azurerm_user_assigned_identity.management",
            "module.enterprise_scale.data.azapi_resource.user_msi",
            "module.enterprise_scale.data.azurerm_policy_definition.external_lookup",
            "module.enterprise_scale.data.azurerm_policy_set_definition.external_lookup",
            "module.enterprise_scale.module.role_assignments_for_policy.azurerm_role_assignment.for_policy",
            "module.enterprise_scale.time_sleep.after_azurerm_management_group",
            "module.enterprise_scale.time_sleep.after_azurerm_policy_assignment",
            "module.enterprise_scale.time_sleep.after_azurerm_policy_definition",
            "module.enterprise_scale.time_sleep.after_azurerm_policy_set_definition",
            "module.enterprise_scale.time_sleep.after_azurerm_role_definition"
          ]
        }
      ]
    },
    {
      "module": "module.enterprise_scale",
      "mode": "managed",
      "type": "time_sleep",
      "name": "after_azurerm_role_definition",
      "provider": "provider[\"registry.terraform.io/hashicorp/time\"]",
      "instances": [
        {
          "schema_version": 0,
          "attributes": {
            "create_duration": "60s",
            "destroy_duration": "0s",
            "id": "2024-10-25T08:32:28Z",
            "triggers": {
              "azurerm_role_definition_enterprise_scale": "[]"
            }
          },
          "sensitive_attributes": [],
          "dependencies": [
            "data.azurerm_client_config.current",
            "module.enterprise_scale.azurerm_management_group.level_1",
            "module.enterprise_scale.azurerm_management_group.level_2",
            "module.enterprise_scale.azurerm_management_group.level_3",
            "module.enterprise_scale.azurerm_management_group.level_4",
            "module.enterprise_scale.azurerm_management_group.level_5",
            "module.enterprise_scale.azurerm_management_group.level_6",
            "module.enterprise_scale.azurerm_role_definition.enterprise_scale",
            "module.enterprise_scale.time_sleep.after_azurerm_management_group"
          ]
        }
      ]
    }
  ],
  "check_results": [
    {
      "object_kind": "var",
      "config_addr": "module.enterprise_scale.var.policy_non_compliance_message_not_enforced_replacement",
      "status": "pass",
      "objects": [
        {
          "object_addr": "module.enterprise_scale.var.policy_non_compliance_message_not_enforced_replacement",
          "status": "pass"
        }
      ]
    },
    {
      "object_kind": "var",
      "config_addr": "module.enterprise_scale.var.root_name",
      "status": "pass",
      "objects": [
        {
          "object_addr": "module.enterprise_scale.var.root_name",
          "status": "pass"
        }
      ]
    },
    {
      "object_kind": "var",
      "config_addr": "module.enterprise_scale.var.subscription_id_connectivity",
      "status": "pass",
      "objects": [
        {
          "object_addr": "module.enterprise_scale.var.subscription_id_connectivity",
          "status": "pass"
        }
      ]
    },
    {
      "object_kind": "var",
      "config_addr": "module.enterprise_scale.module.management_resources.var.resource_prefix",
      "status": "pass",
      "objects": [
        {
          "object_addr": "module.enterprise_scale.module.management_resources.var.resource_prefix",
          "status": "pass"
        }
      ]
    },
    {
      "object_kind": "var",
      "config_addr": "module.enterprise_scale.module.connectivity_resources.var.resource_suffix",
      "status": "pass",
      "objects": [
        {
          "object_addr": "module.enterprise_scale.module.connectivity_resources.var.resource_suffix",
          "status": "pass"
        }
      ]
    },
    {
      "object_kind": "var",
      "config_addr": "module.enterprise_scale.var.subscription_id_management",
      "status": "pass",
      "objects": [
        {
          "object_addr": "module.enterprise_scale.var.subscription_id_management",
          "status": "pass"
        }
      ]
    },
    {
      "object_kind": "var",
      "config_addr": "module.enterprise_scale.module.connectivity_resources.var.subscription_id",
      "status": "pass",
      "objects": [
        {
          "object_addr": "module.enterprise_scale.module.connectivity_resources.var.subscription_id",
          "status": "pass"
        }
      ]
    },
    {
      "object_kind": "var",
      "config_addr": "module.enterprise_scale.var.custom_landing_zones",
      "status": "pass",
      "objects": [
        {
          "object_addr": "module.enterprise_scale.var.custom_landing_zones",
          "status": "pass"
        }
      ]
    },
    {
      "object_kind": "var",
      "config_addr": "module.enterprise_scale.module.connectivity_resources.var.root_id",
      "status": "pass",
      "objects": [
        {
          "object_addr": "module.enterprise_scale.module.connectivity_resources.var.root_id",
          "status": "pass"
        }
      ]
    },
    {
      "object_kind": "var",
      "config_addr": "module.enterprise_scale.module.management_resources.var.custom_settings_by_resource_type",
      "status": "pass",
      "objects": [
        {
          "object_addr": "module.enterprise_scale.module.management_resources.var.custom_settings_by_resource_type",
          "status": "pass"
        }
      ]
    },
    {
      "object_kind": "var",
      "config_addr": "module.enterprise_scale.var.root_parent_id",
      "status": "pass",
      "objects": [
        {
          "object_addr": "module.enterprise_scale.var.root_parent_id",
          "status": "pass"
        }
      ]
    },
    {
      "object_kind": "var",
      "config_addr": "module.enterprise_scale.module.management_resources.var.resource_suffix",
      "status": "pass",
      "objects": [
        {
          "object_addr": "module.enterprise_scale.module.management_resources.var.resource_suffix",
          "status": "pass"
        }
      ]
    },
    {
      "object_kind": "var",
      "config_addr": "module.enterprise_scale.var.policy_non_compliance_message_default",
      "status": "pass",
      "objects": [
        {
          "object_addr": "module.enterprise_scale.var.policy_non_compliance_message_default",
          "status": "pass"
        }
      ]
    },
    {
      "object_kind": "var",
      "config_addr": "module.enterprise_scale.module.connectivity_resources.var.resource_prefix",
      "status": "pass",
      "objects": [
        {
          "object_addr": "module.enterprise_scale.module.connectivity_resources.var.resource_prefix",
          "status": "pass"
        }
      ]
    },
    {
      "object_kind": "var",
      "config_addr": "module.enterprise_scale.var.policy_non_compliance_message_enforced_replacement",
      "status": "pass",
      "objects": [
        {
          "object_addr": "module.enterprise_scale.var.policy_non_compliance_message_enforced_replacement",
          "status": "pass"
        }
      ]
    },
    {
      "object_kind": "var",
      "config_addr": "module.enterprise_scale.module.management_group_archetypes.var.scope_id",
      "status": "pass",
      "objects": null
    },
    {
      "object_kind": "var",
      "config_addr": "module.enterprise_scale.module.identity_resources.var.root_id",
      "status": "pass",
      "objects": [
        {
          "object_addr": "module.enterprise_scale.module.identity_resources.var.root_id",
          "status": "pass"
        }
      ]
    },
    {
      "object_kind": "var",
      "config_addr": "module.enterprise_scale.var.destroy_duration_delay",
      "status": "pass",
      "objects": [
        {
          "object_addr": "module.enterprise_scale.var.destroy_duration_delay",
          "status": "pass"
        }
      ]
    },
    {
      "object_kind": "var",
      "config_addr": "module.enterprise_scale.module.management_resources.var.root_id",
      "status": "pass",
      "objects": [
        {
          "object_addr": "module.enterprise_scale.module.management_resources.var.root_id",
          "status": "pass"
        }
      ]
    },
    {
      "object_kind": "var",
      "config_addr": "module.enterprise_scale.var.policy_non_compliance_message_enforcement_placeholder",
      "status": "pass",
      "objects": [
        {
          "object_addr": "module.enterprise_scale.var.policy_non_compliance_message_enforcement_placeholder",
          "status": "pass"
        }
      ]
    },
    {
      "object_kind": "var",
      "config_addr": "module.enterprise_scale.module.connectivity_resources.var.custom_settings_by_resource_type",
      "status": "pass",
      "objects": [
        {
          "object_addr": "module.enterprise_scale.module.connectivity_resources.var.custom_settings_by_resource_type",
          "status": "pass"
        }
      ]
    },
    {
      "object_kind": "var",
      "config_addr": "module.enterprise_scale.module.management_group_archetypes.var.root_id",
      "status": "pass",
      "objects": null
    },
    {
      "object_kind": "var",
      "config_addr": "module.enterprise_scale.var.create_duration_delay",
      "status": "pass",
      "objects": [
        {
          "object_addr": "module.enterprise_scale.var.create_duration_delay",
          "status": "pass"
        }
      ]
    },
    {
      "object_kind": "var",
      "config_addr": "module.enterprise_scale.module.management_resources.var.subscription_id",
      "status": "pass",
      "objects": [
        {
          "object_addr": "module.enterprise_scale.module.management_resources.var.subscription_id",
          "status": "pass"
        }
      ]
    },
    {
      "object_kind": "var",
      "config_addr": "module.enterprise_scale.var.subscription_id_identity",
      "status": "pass",
      "objects": [
        {
          "object_addr": "module.enterprise_scale.var.subscription_id_identity",
          "status": "pass"
        }
      ]
    }
  ]
}
